
Microsoft Visual Studio Solution File, Format Version 12.00
# Visual Studio Version 16
VisualStudioVersion = 16.0.32002.261
MinimumVisualStudioVersion = 10.0.40219.1
Project("{FAE04EC0-301F-11D3-BF4B-00C04F79EFBC}") = "ByteBank.SistemaAgencia", "ByteBank.SistemaAgencia\ByteBank.SistemaAgencia.csproj", "{876D1548-9FE2-476D-9C08-80AB2CAE634D}"
EndProject
Project("{FAE04EC0-301F-11D3-BF4B-00C04F79EFBC}") = "ByteBank.Modelos", "ByteBank.Modelos\ByteBank.Modelos.csproj", "{80B4E178-254E-467B-824A-BDCD0B5C3F40}"
EndProject
Global
	GlobalSection(SolutionConfigurationPlatforms) = preSolution
		Debug|Any CPU = Debug|Any CPU
		Release|Any CPU = Release|Any CPU
	EndGlobalSection
	GlobalSection(ProjectConfigurationPlatforms) = postSolution
		{876D1548-9FE2-476D-9C08-80AB2CAE634D}.Debug|Any CPU.ActiveCfg = Debug|Any CPU
		{876D1548-9FE2-476D-9C08-80AB2CAE634D}.Debug|Any CPU.Build.0 = Debug|Any CPU
		{876D1548-9FE2-476D-9C08-80AB2CAE634D}.Release|Any CPU.ActiveCfg = Release|Any CPU
		{876D1548-9FE2-476D-9C08-80AB2CAE634D}.Release|Any CPU.Build.0 = Release|Any CPU
		{80B4E178-254E-467B-824A-BDCD0B5C3F40}.Debug|Any CPU.ActiveCfg = Debug|Any CPU
		{80B4E178-254E-467B-824A-BDCD0B5C3F40}.Debug|Any CPU.Build.0 = Debug|Any CPU
		{80B4E178-254E-467B-824A-BDCD0B5C3F40}.Release|Any CPU.ActiveCfg = Release|Any CPU
		{80B4E178-254E-467B-824A-BDCD0B5C3F40}.Release|Any CPU.Build.0 = Release|Any CPU
	EndGlobalSection
	GlobalSection(SolutionProperties) = preSolution
		HideSolutionNode = FALSE
	EndGlobalSection
	GlobalSection(ExtensibilityGlobals) = postSolution
		SolutionGuid = {8C6A6A5F-F0A2-4372-A857-6EDB2928496C}
	EndGlobalSection
EndGlobal
